
Microsoft Visual Studio Solution File, Format Version 12.00
# Visual Studio 14
VisualStudioVersion = 14.0.23107.0
MinimumVisualStudioVersion = 10.0.40219.1
Project("{FAE04EC0-301F-11D3-BF4B-00C04F79EFBC}") = "AZ.FolderSystemWatcher", "AZ.FolderSystemWatcher\AZ.FolderSystemWatcher.csproj", "{00ADB68E-44A7-461D-8EC3-3FF782BB9C27}"
EndProject
Project("{2150E333-8FDC-42A3-9474-1A3956D46DE8}") = "Demo", "Demo", "{7B19F5B9-BC94-49ED-8D3E-B15393C197EE}"
EndProject
Project("{FAE04EC0-301F-11D3-BF4B-00C04F79EFBC}") = "Watcher.Test", "Watcher.Test\Watcher.Test.csproj", "{EA23ECD5-4298-4502-B648-48B190C663A2}"
EndProject
Global
	GlobalSection(SolutionConfigurationPlatforms) = preSolution
		Debug|Any CPU = Debug|Any CPU
		Release|Any CPU = Release|Any CPU
	EndGlobalSection
	GlobalSection(ProjectConfigurationPlatforms) = postSolution
		{00ADB68E-44A7-461D-8EC3-3FF782BB9C27}.Debug|Any CPU.ActiveCfg = Debug|Any CPU
		{00ADB68E-44A7-461D-8EC3-3FF782BB9C27}.Debug|Any CPU.Build.0 = Debug|Any CPU
		{00ADB68E-44A7-461D-8EC3-3FF782BB9C27}.Release|Any CPU.ActiveCfg = Release|Any CPU
		{00ADB68E-44A7-461D-8EC3-3FF782BB9C27}.Release|Any CPU.Build.0 = Release|Any CPU
		{EA23ECD5-4298-4502-B648-48B190C663A2}.Debug|Any CPU.ActiveCfg = Debug|Any CPU
		{EA23ECD5-4298-4502-B648-48B190C663A2}.Debug|Any CPU.Build.0 = Debug|Any CPU
		{EA23ECD5-4298-4502-B648-48B190C663A2}.Release|Any CPU.ActiveCfg = Release|Any CPU
		{EA23ECD5-4298-4502-B648-48B190C663A2}.Release|Any CPU.Build.0 = Release|Any CPU
	EndGlobalSection
	GlobalSection(SolutionProperties) = preSolution
		HideSolutionNode = FALSE
	EndGlobalSection
	GlobalSection(NestedProjects) = preSolution
		{EA23ECD5-4298-4502-B648-48B190C663A2} = {7B19F5B9-BC94-49ED-8D3E-B15393C197EE}
	EndGlobalSection
EndGlobal
